
Microsoft Visual Studio Solution File, Format Version 12.00
# Visual Studio 15
VisualStudioVersion = 15.0.27130.2026
MinimumVisualStudioVersion = 10.0.40219.1
Project("{F184B08F-C81C-45F6-A57F-5ABD9991F28F}") = "Note_pad", "Note_pad\Note_pad.vbproj", "{F2DC55BC-5F48-4299-AA11-1432D19BA23E}"
EndProject
Project("{54435603-DBB4-11D2-8724-00A0C9A8B90C}") = "NotePad", "NotePad\NotePad.vdproj", "{B9358792-B45B-4FFD-9864-7744F611E5A6}"
EndProject
Global
	GlobalSection(SolutionConfigurationPlatforms) = preSolution
		Debug|Any CPU = Debug|Any CPU
		Release|Any CPU = Release|Any CPU
	EndGlobalSection
	GlobalSection(ProjectConfigurationPlatforms) = postSolution
		{F2DC55BC-5F48-4299-AA11-1432D19BA23E}.Debug|Any CPU.ActiveCfg = Debug|Any CPU
		{F2DC55BC-5F48-4299-AA11-1432D19BA23E}.Debug|Any CPU.Build.0 = Debug|Any CPU
		{F2DC55BC-5F48-4299-AA11-1432D19BA23E}.Release|Any CPU.ActiveCfg = Release|Any CPU
		{F2DC55BC-5F48-4299-AA11-1432D19BA23E}.Release|Any CPU.Build.0 = Release|Any CPU
		{B9358792-B45B-4FFD-9864-7744F611E5A6}.Debug|Any CPU.ActiveCfg = Debug
		{B9358792-B45B-4FFD-9864-7744F611E5A6}.Release|Any CPU.ActiveCfg = Release
	EndGlobalSection
	GlobalSection(SolutionProperties) = preSolution
		HideSolutionNode = FALSE
	EndGlobalSection
	GlobalSection(ExtensibilityGlobals) = postSolution
		SolutionGuid = {31043C24-12A0-42ED-B462-B4FC052DA1F1}
	EndGlobalSection
EndGlobal
